<?xml version="1.0" encoding="utf-8"?>
<Project ToolsVersion="4.0" xmlns="http://schemas.microsoft.com/developer/msbuild/2003">
  <ItemGroup>
    <Filter Include="Source Files">
      <UniqueIdentifier>{4FC737F1-C7A5-4376-A066-2A32D752A2FF}</UniqueIdentifier>
      <Extensions>cpp;c;cc;cxx;def;odl;idl;hpj;bat;asm;asmx</Extensions>
    </Filter>
    <Filter Include="Header Files">
      <UniqueIdentifier>{93995380-89BD-4b04-88EB-625FBE52EBFB}</UniqueIdentifier>
      <Extensions>h;hpp;hxx;hm;inl;inc;xsd</Extensions>
    </Filter>
  </ItemGroup>
  <ItemGroup>
    <ClCompile Include="src\ibpp\_dpb.cpp">
      <Filter>Source Files</Filter>
    </ClCompile>
    <ClCompile Include="src\ibpp\_ibpp.cpp">
      <Filter>Source Files</Filter>
    </ClCompile>
    <ClCompile Include="src\ibpp\_ibs.cpp">
      <Filter>Source Files</Filter>
    </ClCompile>
    <ClCompile Include="src\ibpp\_rb.cpp">
      <Filter>Source Files</Filter>
    </ClCompile>
    <ClCompile Include="src\ibpp\_spb.cpp">
      <Filter>Source Files</Filter>
    </ClCompile>
    <ClCompile Include="src\ibpp\_tpb.cpp">
      <Filter>Source Files</Filter>
    </ClCompile>
    <ClCompile Include="src\ibpp\array.cpp">
      <Filter>Source Files</Filter>
    </ClCompile>
    <ClCompile Include="src\ibpp\blob.cpp">
      <Filter>Source Files</Filter>
    </ClCompile>
    <ClCompile Include="src\ibpp\database.cpp">
      <Filter>Source Files</Filter>
    </ClCompile>
    <ClCompile Include="src\ibpp\date.cpp">
      <Filter>Source Files</Filter>
    </ClCompile>
    <ClCompile Include="src\ibpp\dbkey.cpp">
      <Filter>Source Files</Filter>
    </ClCompile>
    <ClCompile Include="src\ibpp\events.cpp">
      <Filter>Source Files</Filter>
    </ClCompile>
    <ClCompile Include="src\ibpp\exception.cpp">
      <Filter>Source Files</Filter>
    </ClCompile>
    <ClCompile Include="src\ibpp\row.cpp">
      <Filter>Source Files</Filter>
    </ClCompile>
    <ClCompile Include="src\ibpp\service.cpp">
      <Filter>Source Files</Filter>
    </ClCompile>
    <ClCompile Include="src\ibpp\statement.cpp">
      <Filter>Source Files</Filter>
    </ClCompile>
    <ClCompile Include="src\ibpp\time.cpp">
      <Filter>Source Files</Filter>
    </ClCompile>
    <ClCompile Include="src\ibpp\transaction.cpp">
      <Filter>Source Files</Filter>
    </ClCompile>
    <ClCompile Include="src\ibpp\user.cpp">
      <Filter>Source Files</Filter>
    </ClCompile>
    <ClCompile Include="src\ibpp\ibint128.cpp">
      <Filter>Source Files</Filter>
    </ClCompile>
  </ItemGroup>
  <ItemGroup>
    <ClInclude Include="src\ibpp\_ibpp.h">
      <Filter>Header Files</Filter>
    </ClInclude>
    <ClInclude Include="src\ibpp\ibase.h">
      <Filter>Header Files</Filter>
    </ClInclude>
    <ClInclude Include="src\ibpp\iberror.h">
      <Filter>Header Files</Filter>
    </ClInclude>
    <ClInclude Include="src\ibpp\ibpp.h">
      <Filter>Header Files</Filter>
    </ClInclude>
  </ItemGroup>
</Project>