Microsoft Visual Studio Solution File, Format Version 12.00
# Visual Studio Version 17
VisualStudioVersion = 17.6.33829.357
MinimumVisualStudioVersion = 10.0.40219.1
Project("{8BC9CEB8-8B4A-11D0-8D11-00A0C91BC942}") = "flamerobin", "flamerobin_flamerobin.vcxproj", "{3C914FEE-C6E8-58AA-B046-6E951FCD6BFC}"
EndProject
Project("{8BC9CEB8-8B4A-11D0-8D11-00A0C91BC942}") = "ibpp", "flamerobin_ibpp.vcxproj", "{F98A5270-7698-516C-9430-13EBB667AEA5}"
EndProject
Global
	GlobalSection(SolutionConfigurationPlatforms) = preSolution
		Debug Dynamic|Win32 = Debug Dynamic|Win32
		Debug Static|Win32 = Debug Static|Win32
		DLL Debug Dynamic|Win32 = DLL Debug Dynamic|Win32
		DLL Debug Static|Win32 = DLL Debug Static|Win32
		DLL Release Dynamic|Win32 = DLL Release Dynamic|Win32
		DLL Release Static|Win32 = DLL Release Static|Win32
		Release Dynamic|Win32 = Release Dynamic|Win32
		Release Static|Win32 = Release Static|Win32
	EndGlobalSection
	GlobalSection(ProjectConfigurationPlatforms) = postSolution
		{3C914FEE-C6E8-58AA-B046-6E951FCD6BFC}.Debug Dynamic|Win32.ActiveCfg = Debug Dynamic|Win32
		{3C914FEE-C6E8-58AA-B046-6E951FCD6BFC}.Debug Dynamic|Win32.Build.0 = Debug Dynamic|Win32
		{3C914FEE-C6E8-58AA-B046-6E951FCD6BFC}.Debug Static|Win32.ActiveCfg = Debug Static|Win32
		{3C914FEE-C6E8-58AA-B046-6E951FCD6BFC}.Debug Static|Win32.Build.0 = Debug Static|Win32
		{3C914FEE-C6E8-58AA-B046-6E951FCD6BFC}.DLL Debug Dynamic|Win32.ActiveCfg = DLL Debug Dynamic|Win32
		{3C914FEE-C6E8-58AA-B046-6E951FCD6BFC}.DLL Debug Dynamic|Win32.Build.0 = DLL Debug Dynamic|Win32
		{3C914FEE-C6E8-58AA-B046-6E951FCD6BFC}.DLL Debug Static|Win32.ActiveCfg = DLL Debug Static|Win32
		{3C914FEE-C6E8-58AA-B046-6E951FCD6BFC}.DLL Debug Static|Win32.Build.0 = DLL Debug Static|Win32
		{3C914FEE-C6E8-58AA-B046-6E951FCD6BFC}.DLL Release Dynamic|Win32.ActiveCfg = DLL Release Dynamic|Win32
		{3C914FEE-C6E8-58AA-B046-6E951FCD6BFC}.DLL Release Dynamic|Win32.Build.0 = DLL Release Dynamic|Win32
		{3C914FEE-C6E8-58AA-B046-6E951FCD6BFC}.DLL Release Static|Win32.ActiveCfg = DLL Release Static|Win32
		{3C914FEE-C6E8-58AA-B046-6E951FCD6BFC}.DLL Release Static|Win32.Build.0 = DLL Release Static|Win32
		{3C914FEE-C6E8-58AA-B046-6E951FCD6BFC}.Release Dynamic|Win32.ActiveCfg = Release Dynamic|Win32
		{3C914FEE-C6E8-58AA-B046-6E951FCD6BFC}.Release Dynamic|Win32.Build.0 = Release Dynamic|Win32
		{3C914FEE-C6E8-58AA-B046-6E951FCD6BFC}.Release Static|Win32.ActiveCfg = Release Static|Win32
		{3C914FEE-C6E8-58AA-B046-6E951FCD6BFC}.Release Static|Win32.Build.0 = Release Static|Win32
		{F98A5270-7698-516C-9430-13EBB667AEA5}.Debug Dynamic|Win32.ActiveCfg = Debug Dynamic|Win32
		{F98A5270-7698-516C-9430-13EBB667AEA5}.Debug Dynamic|Win32.Build.0 = Debug Dynamic|Win32
		{F98A5270-7698-516C-9430-13EBB667AEA5}.Debug Static|Win32.ActiveCfg = Debug Static|Win32
		{F98A5270-7698-516C-9430-13EBB667AEA5}.Debug Static|Win32.Build.0 = Debug Static|Win32
		{F98A5270-7698-516C-9430-13EBB667AEA5}.DLL Debug Dynamic|Win32.ActiveCfg = DLL Debug Dynamic|Win32
		{F98A5270-7698-516C-9430-13EBB667AEA5}.DLL Debug Dynamic|Win32.Build.0 = DLL Debug Dynamic|Win32
		{F98A5270-7698-516C-9430-13EBB667AEA5}.DLL Debug Static|Win32.ActiveCfg = DLL Debug Static|Win32
		{F98A5270-7698-516C-9430-13EBB667AEA5}.DLL Debug Static|Win32.Build.0 = DLL Debug Static|Win32
		{F98A5270-7698-516C-9430-13EBB667AEA5}.DLL Release Dynamic|Win32.ActiveCfg = DLL Release Dynamic|Win32
		{F98A5270-7698-516C-9430-13EBB667AEA5}.DLL Release Dynamic|Win32.Build.0 = DLL Release Dynamic|Win32
		{F98A5270-7698-516C-9430-13EBB667AEA5}.DLL Release Static|Win32.ActiveCfg = DLL Release Static|Win32
		{F98A5270-7698-516C-9430-13EBB667AEA5}.DLL Release Static|Win32.Build.0 = DLL Release Static|Win32
		{F98A5270-7698-516C-9430-13EBB667AEA5}.Release Dynamic|Win32.ActiveCfg = Release Dynamic|Win32
		{F98A5270-7698-516C-9430-13EBB667AEA5}.Release Dynamic|Win32.Build.0 = Release Dynamic|Win32
		{F98A5270-7698-516C-9430-13EBB667AEA5}.Release Static|Win32.ActiveCfg = Release Static|Win32
		{F98A5270-7698-516C-9430-13EBB667AEA5}.Release Static|Win32.Build.0 = Release Static|Win32
	EndGlobalSection
	GlobalSection(SolutionProperties) = preSolution
		HideSolutionNode = FALSE
	EndGlobalSection
	GlobalSection(ExtensibilityGlobals) = postSolution
		SolutionGuid = {DA2F3312-7A9E-4DD4-97E7-3C5BD6644232}
	EndGlobalSection
EndGlobal
