<?xml version="1.0" encoding="utf-8"?>
<Project ToolsVersion="4.0" xmlns="http://schemas.microsoft.com/developer/msbuild/2003">
  <ItemGroup>
    <Filter Include="Source Files">
      <UniqueIdentifier>{4FC737F1-C7A5-4376-A066-2A32D752A2FF}</UniqueIdentifier>
      <Extensions>cpp;c;cc;cxx;def;odl;idl;hpj;bat;asm;asmx</Extensions>
    </Filter>
    <Filter Include="Header Files">
      <UniqueIdentifier>{93995380-89BD-4b04-88EB-625FBE52EBFB}</UniqueIdentifier>
      <Extensions>h;hpp;hxx;hm;inl;inc;xsd</Extensions>
    </Filter>
    <Filter Include="Resource Files">
      <UniqueIdentifier>{67DA6AB6-F800-4c08-8B7A-83BB121AAD01}</UniqueIdentifier>
      <Extensions>rc;ico;cur;bmp;dlg;rc2;rct;bin;rgs;gif;jpg;jpeg;jpe;resx;tiff;tif;png;wav</Extensions>
    </Filter>
    <Filter Include="Source Files\Metadata">
      <UniqueIdentifier>{0f09e77a-5c5b-43de-8cca-a5e23a946588}</UniqueIdentifier>
    </Filter>
    <Filter Include="Source Files\gui">
      <UniqueIdentifier>{66289fbe-1c79-498d-adfc-caae5c0e9e11}</UniqueIdentifier>
    </Filter>
    <Filter Include="Source Files\sql">
      <UniqueIdentifier>{06d639b2-18b7-4a91-932f-f7e78d6e8308}</UniqueIdentifier>
    </Filter>
  </ItemGroup>
  <ItemGroup>
    <ClCompile Include="src\gui\AboutBox.cpp">
      <Filter>Source Files\gui</Filter>
    </ClCompile>
    <ClCompile Include="src\gui\AdvancedMessageDialog.cpp">
      <Filter>Source Files\gui</Filter>
    </ClCompile>
    <ClCompile Include="src\gui\AdvancedSearchFrame.cpp">
      <Filter>Source Files\gui</Filter>
    </ClCompile>
    <ClCompile Include="src\core\ArtProvider.cpp">
      <Filter>Source Files</Filter>
    </ClCompile>
    <ClCompile Include="src\gui\BackupFrame.cpp">
      <Filter>Source Files\gui</Filter>
    </ClCompile>
    <ClCompile Include="src\gui\BackupRestoreBaseFrame.cpp">
      <Filter>Source Files\gui</Filter>
    </ClCompile>
    <ClCompile Include="src\gui\BaseDialog.cpp">
      <Filter>Source Files\gui</Filter>
    </ClCompile>
    <ClCompile Include="src\gui\BaseFrame.cpp">
      <Filter>Source Files\gui</Filter>
    </ClCompile>
    <ClCompile Include="src\core\CodeTemplateProcessor.cpp">
      <Filter>Source Files</Filter>
    </ClCompile>
    <ClCompile Include="src\gui\CommandManager.cpp">
      <Filter>Source Files\gui</Filter>
    </ClCompile>
    <ClCompile Include="src\gui\ConfdefTemplateProcessor.cpp">
      <Filter>Source Files\gui</Filter>
    </ClCompile>
    <ClCompile Include="src\config\Config.cpp">
      <Filter>Source Files</Filter>
    </ClCompile>
    <ClCompile Include="src\gui\ContextMenuMetadataItemVisitor.cpp">
      <Filter>Source Files\gui</Filter>
    </ClCompile>
    <ClCompile Include="src\gui\controls\ControlUtils.cpp">
      <Filter>Source Files\gui</Filter>
    </ClCompile>
    <ClCompile Include="src\metadata\CreateDDLVisitor.cpp">
      <Filter>Source Files\Metadata</Filter>
    </ClCompile>
    <ClCompile Include="src\gui\CreateIndexDialog.cpp">
      <Filter>Source Files\gui</Filter>
    </ClCompile>
    <ClCompile Include="src\gui\controls\DBHTreeControl.cpp">
      <Filter>Source Files\gui</Filter>
    </ClCompile>
    <ClCompile Include="src\gui\DataGeneratorFrame.cpp">
      <Filter>Source Files\gui</Filter>
    </ClCompile>
    <ClCompile Include="src\gui\controls\DataGrid.cpp">
      <Filter>Source Files\gui</Filter>
    </ClCompile>
    <ClCompile Include="src\gui\controls\DataGridRowBuffer.cpp">
      <Filter>Source Files\gui</Filter>
    </ClCompile>
    <ClCompile Include="src\gui\controls\DataGridRows.cpp">
      <Filter>Source Files\gui</Filter>
    </ClCompile>
    <ClCompile Include="src\gui\controls\DataGridTable.cpp">
      <Filter>Source Files\gui</Filter>
    </ClCompile>
    <ClCompile Include="src\config\DatabaseConfig.cpp">
      <Filter>Source Files</Filter>
    </ClCompile>
    <ClCompile Include="src\gui\DatabaseRegistrationDialog.cpp">
      <Filter>Source Files\gui</Filter>
    </ClCompile>
    <ClCompile Include="src\gui\controls\DndTextControls.cpp">
      <Filter>Source Files\gui</Filter>
    </ClCompile>
    <ClCompile Include="src\gui\EditBlobDialog.cpp">
      <Filter>Source Files\gui</Filter>
    </ClCompile>
    <ClCompile Include="src\gui\EventWatcherFrame.cpp">
      <Filter>Source Files\gui</Filter>
    </ClCompile>
    <ClCompile Include="src\gui\ExecuteSql.cpp">
      <Filter>Source Files\gui</Filter>
    </ClCompile>
    <ClCompile Include="src\gui\ExecuteSqlFrame.cpp">
      <Filter>Source Files\gui</Filter>
    </ClCompile>
    <ClCompile Include="src\core\FRError.cpp">
      <Filter>Source Files</Filter>
    </ClCompile>
    <ClCompile Include="src\gui\FRLayoutConfig.cpp">
      <Filter>Source Files\gui</Filter>
    </ClCompile>
    <ClCompile Include="src\gui\FieldPropertiesDialog.cpp">
      <Filter>Source Files\gui</Filter>
    </ClCompile>
    <ClCompile Include="src\gui\FindDialog.cpp">
      <Filter>Source Files\gui</Filter>
    </ClCompile>
    <ClCompile Include="src\gui\GUIURIHandlerHelper.cpp">
      <Filter>Source Files\gui</Filter>
    </ClCompile>
    <ClCompile Include="src\gui\HtmlHeaderMetadataItemVisitor.cpp">
      <Filter>Source Files\gui</Filter>
    </ClCompile>
    <ClCompile Include="src\gui\HtmlTemplateProcessor.cpp">
      <Filter>Source Files\gui</Filter>
    </ClCompile>
    <ClCompile Include="src\sql\Identifier.cpp">
      <Filter>Source Files\sql</Filter>
    </ClCompile>
    <ClCompile Include="src\sql\IncompleteStatement.cpp">
      <Filter>Source Files\sql</Filter>
    </ClCompile>
    <ClCompile Include="src\metadata\Index.cpp">
      <Filter>Source Files\Metadata</Filter>
    </ClCompile>
    <ClCompile Include="src\gui\InsertDialog.cpp">
      <Filter>Source Files\gui</Filter>
    </ClCompile>
    <ClCompile Include="src\gui\controls\LogTextControl.cpp">
      <Filter>Source Files\gui</Filter>
    </ClCompile>
    <ClCompile Include="src\gui\MainFrame.cpp">
      <Filter>Source Files\gui</Filter>
    </ClCompile>
    <ClCompile Include="src\MasterPassword.cpp">
      <Filter>Source Files</Filter>
    </ClCompile>
    <ClCompile Include="src\metadata\MetadataItemCreateStatementVisitor.cpp">
      <Filter>Source Files\Metadata</Filter>
    </ClCompile>
    <ClCompile Include="src\metadata\MetadataItemDescriptionVisitor.cpp">
      <Filter>Source Files\Metadata</Filter>
    </ClCompile>
    <ClCompile Include="src\gui\MetadataItemPropertiesFrame.cpp">
      <Filter>Source Files\gui</Filter>
    </ClCompile>
    <ClCompile Include="src\metadata\MetadataItemURIHandlerHelper.cpp">
      <Filter>Source Files\Metadata</Filter>
    </ClCompile>
    <ClCompile Include="src\metadata\MetadataItemVisitor.cpp">
      <Filter>Source Files\Metadata</Filter>
    </ClCompile>
    <ClCompile Include="src\engine\MetadataLoader.cpp">
      <Filter>Source Files</Filter>
    </ClCompile>
    <ClCompile Include="src\metadata\MetadataTemplateCmdHandler.cpp">
      <Filter>Source Files\Metadata</Filter>
    </ClCompile>
    <ClCompile Include="src\metadata\MetadataTemplateManager.cpp">
      <Filter>Source Files\Metadata</Filter>
    </ClCompile>
    <ClCompile Include="src\sql\MultiStatement.cpp">
      <Filter>Source Files\sql</Filter>
    </ClCompile>
    <ClCompile Include="src\gui\MultilineEnterDialog.cpp">
      <Filter>Source Files\gui</Filter>
    </ClCompile>
    <ClCompile Include="src\core\Observer.cpp">
      <Filter>Source Files</Filter>
    </ClCompile>
    <ClCompile Include="src\gui\PreferencesDialog.cpp">
      <Filter>Source Files\gui</Filter>
    </ClCompile>
    <ClCompile Include="src\gui\PreferencesDialogSettings.cpp">
      <Filter>Source Files\gui</Filter>
    </ClCompile>
    <ClCompile Include="src\gui\controls\PrintableHtmlWindow.cpp">
      <Filter>Source Files</Filter>
    </ClCompile>
    <ClCompile Include="src\gui\PrivilegesDialog.cpp">
      <Filter>Source Files\gui</Filter>
    </ClCompile>
    <ClCompile Include="src\gui\ProgressDialog.cpp">
      <Filter>Source Files\gui</Filter>
    </ClCompile>
    <ClCompile Include="src\core\ProgressIndicator.cpp">
      <Filter>Source Files\gui</Filter>
    </ClCompile>
    <ClCompile Include="src\gui\ReorderFieldsDialog.cpp">
      <Filter>Source Files\gui</Filter>
    </ClCompile>
    <ClCompile Include="src\gui\RestoreFrame.cpp">
      <Filter>Source Files\gui</Filter>
    </ClCompile>
    <ClCompile Include="src\sql\SelectStatement.cpp">
      <Filter>Source Files\sql</Filter>
    </ClCompile>
    <ClCompile Include="src\gui\ServerRegistrationDialog.cpp">
      <Filter>Source Files\gui</Filter>
    </ClCompile>
    <ClCompile Include="src\gui\SimpleHtmlFrame.cpp">
      <Filter>Source Files\gui</Filter>
    </ClCompile>
    <ClCompile Include="src\sql\SqlStatement.cpp">
      <Filter>Source Files\sql</Filter>
    </ClCompile>
    <ClCompile Include="src\sql\SqlTokenizer.cpp">
      <Filter>Source Files\sql</Filter>
    </ClCompile>
    <ClCompile Include="src\sql\StatementBuilder.cpp">
      <Filter>Source Files\sql</Filter>
    </ClCompile>
    <ClCompile Include="src\gui\StatementHistoryDialog.cpp">
      <Filter>Source Files\gui</Filter>
    </ClCompile>
    <ClCompile Include="src\core\StringUtils.cpp">
      <Filter>Source Files</Filter>
    </ClCompile>
    <ClCompile Include="src\gui\StyleGuide.cpp">
      <Filter>Source Files\gui</Filter>
    </ClCompile>
    <ClCompile Include="src\gui\msw\StyleGuideMSW.cpp">
      <Filter>Source Files\gui</Filter>
    </ClCompile>
    <ClCompile Include="src\core\Subject.cpp">
      <Filter>Source Files</Filter>
    </ClCompile>
    <ClCompile Include="src\core\TemplateProcessor.cpp">
      <Filter>Source Files</Filter>
    </ClCompile>
    <ClCompile Include="src\gui\controls\TextControl.cpp">
      <Filter>Source Files\gui</Filter>
    </ClCompile>
    <ClCompile Include="src\core\URIProcessor.cpp">
      <Filter>Source Files</Filter>
    </ClCompile>
    <ClCompile Include="src\metadata\User.cpp">
      <Filter>Source Files\Metadata</Filter>
    </ClCompile>
    <ClCompile Include="src\gui\UserDialog.cpp">
      <Filter>Source Files\gui</Filter>
    </ClCompile>
    <ClCompile Include="src\gui\UsernamePasswordDialog.cpp">
      <Filter>Source Files\gui</Filter>
    </ClCompile>
    <ClCompile Include="src\core\Visitor.cpp">
      <Filter>Source Files</Filter>
    </ClCompile>
    <ClCompile Include="src\addconstrainthandler.cpp">
      <Filter>Source Files</Filter>
    </ClCompile>
    <ClCompile Include="src\metadata\column.cpp">
      <Filter>Source Files\Metadata</Filter>
    </ClCompile>
    <ClCompile Include="src\metadata\constraints.cpp">
      <Filter>Source Files\Metadata</Filter>
    </ClCompile>
    <ClCompile Include="src\metadata\database.cpp">
      <Filter>Source Files\Metadata</Filter>
    </ClCompile>
    <ClCompile Include="src\databasehandler.cpp">
      <Filter>Source Files</Filter>
    </ClCompile>
    <ClCompile Include="src\metadata\domain.cpp">
      <Filter>Source Files\Metadata</Filter>
    </ClCompile>
    <ClCompile Include="src\metadata\exception.cpp">
      <Filter>Source Files\Metadata</Filter>
    </ClCompile>
    <ClCompile Include="src\frprec.cpp">
      <Filter>Source Files</Filter>
    </ClCompile>
    <ClCompile Include="src\frutils.cpp">
      <Filter>Source Files</Filter>
    </ClCompile>
    <ClCompile Include="src\metadata\function.cpp">
      <Filter>Source Files\Metadata</Filter>
    </ClCompile>
    <ClCompile Include="src\metadata\generator.cpp">
      <Filter>Source Files\Metadata</Filter>
    </ClCompile>
    <ClCompile Include="src\logger.cpp">
      <Filter>Source Files</Filter>
    </ClCompile>
    <ClCompile Include="src\main.cpp">
      <Filter>Source Files</Filter>
    </ClCompile>
    <ClCompile Include="src\metadata\metadataitem.cpp">
      <Filter>Source Files\Metadata</Filter>
    </ClCompile>
    <ClCompile Include="src\objectdescriptionhandler.cpp">
      <Filter>Source Files</Filter>
    </ClCompile>
    <ClCompile Include="src\metadata\parameter.cpp">
      <Filter>Source Files\Metadata</Filter>
    </ClCompile>
    <ClCompile Include="src\metadata\privilege.cpp">
      <Filter>Source Files\Metadata</Filter>
    </ClCompile>
    <ClCompile Include="src\metadata\procedure.cpp">
      <Filter>Source Files\Metadata</Filter>
    </ClCompile>
    <ClCompile Include="src\metadata\relation.cpp">
      <Filter>Source Files\Metadata</Filter>
    </ClCompile>
    <ClCompile Include="src\metadata\role.cpp">
      <Filter>Source Files\Metadata</Filter>
    </ClCompile>
    <ClCompile Include="src\metadata\root.cpp">
      <Filter>Source Files\Metadata</Filter>
    </ClCompile>
    <ClCompile Include="src\metadata\server.cpp">
      <Filter>Source Files\Metadata</Filter>
    </ClCompile>
    <ClCompile Include="src\statementHistory.cpp">
      <Filter>Source Files\Metadata</Filter>
    </ClCompile>
    <ClCompile Include="src\metadata\table.cpp">
      <Filter>Source Files\Metadata</Filter>
    </ClCompile>
    <ClCompile Include="src\metadata\trigger.cpp">
      <Filter>Source Files\Metadata</Filter>
    </ClCompile>
    <ClCompile Include="src\metadata\view.cpp">
      <Filter>Source Files\Metadata</Filter>
    </ClCompile>
    <ClCompile Include="src\gui\InsertParametersDialog.cpp">
      <Filter>Source Files\gui</Filter>
    </ClCompile>
    <ClCompile Include="src\metadata\package.cpp">
      <Filter>Source Files\Metadata</Filter>
    </ClCompile>
    <ClCompile Include="src\config\LocalSettings.cpp">
      <Filter>Source Files</Filter>
    </ClCompile>
    <ClCompile Include="src\core\FRInt128.cpp">
      <Filter>Source Files</Filter>
    </ClCompile>
    <ClCompile Include="src\core\FRDecimal.cpp">
      <Filter>Source Files</Filter>
    </ClCompile>
    <ClCompile Include="src\gui\ServiceBaseFrame.cpp">
      <Filter>Source Files</Filter>
    </ClCompile>
    <ClCompile Include="src\gui\ShutdownFrame.cpp">
      <Filter>Source Files\gui</Filter>
    </ClCompile>
    <ClCompile Include="src\gui\ShutdownStartupBaseFrame.cpp">
      <Filter>Source Files\gui</Filter>
    </ClCompile>
    <ClCompile Include="src\gui\StartupFrame.cpp">
      <Filter>Source Files\gui</Filter>
    </ClCompile>
  </ItemGroup>
  <ItemGroup>
    <ClInclude Include="src\gui\AboutBox.h">
      <Filter>Header Files</Filter>
    </ClInclude>
    <ClInclude Include="src\gui\AdvancedMessageDialog.h">
      <Filter>Header Files</Filter>
    </ClInclude>
    <ClInclude Include="src\gui\AdvancedSearchFrame.h">
      <Filter>Header Files</Filter>
    </ClInclude>
    <ClInclude Include="src\core\ArtProvider.h">
      <Filter>Header Files</Filter>
    </ClInclude>
    <ClInclude Include="src\gui\BackupFrame.h">
      <Filter>Header Files</Filter>
    </ClInclude>
    <ClInclude Include="src\gui\BackupRestoreBaseFrame.h">
      <Filter>Header Files</Filter>
    </ClInclude>
    <ClInclude Include="src\gui\BaseDialog.h">
      <Filter>Header Files</Filter>
    </ClInclude>
    <ClInclude Include="src\gui\BaseFrame.h">
      <Filter>Header Files</Filter>
    </ClInclude>
    <ClInclude Include="src\core\CodeTemplateProcessor.h">
      <Filter>Header Files</Filter>
    </ClInclude>
    <ClInclude Include="src\gui\CommandIds.h">
      <Filter>Header Files</Filter>
    </ClInclude>
    <ClInclude Include="src\gui\CommandManager.h">
      <Filter>Header Files</Filter>
    </ClInclude>
    <ClInclude Include="src\gui\ConfdefTemplateProcessor.h">
      <Filter>Header Files</Filter>
    </ClInclude>
    <ClInclude Include="src\config\Config.h">
      <Filter>Header Files</Filter>
    </ClInclude>
    <ClInclude Include="src\gui\ContextMenuMetadataItemVisitor.h">
      <Filter>Header Files</Filter>
    </ClInclude>
    <ClInclude Include="src\gui\controls\ControlUtils.h">
      <Filter>Header Files</Filter>
    </ClInclude>
    <ClInclude Include="src\metadata\CreateDDLVisitor.h">
      <Filter>Header Files</Filter>
    </ClInclude>
    <ClInclude Include="src\gui\CreateIndexDialog.h">
      <Filter>Header Files</Filter>
    </ClInclude>
    <ClInclude Include="src\gui\controls\DBHTreeControl.h">
      <Filter>Header Files</Filter>
    </ClInclude>
    <ClInclude Include="src\gui\DataGeneratorFrame.h">
      <Filter>Header Files</Filter>
    </ClInclude>
    <ClInclude Include="src\gui\controls\DataGrid.h">
      <Filter>Header Files</Filter>
    </ClInclude>
    <ClInclude Include="src\gui\controls\DataGridRowBuffer.h">
      <Filter>Header Files</Filter>
    </ClInclude>
    <ClInclude Include="src\gui\controls\DataGridRows.h">
      <Filter>Header Files</Filter>
    </ClInclude>
    <ClInclude Include="src\gui\controls\DataGridTable.h">
      <Filter>Header Files</Filter>
    </ClInclude>
    <ClInclude Include="src\config\DatabaseConfig.h">
      <Filter>Header Files</Filter>
    </ClInclude>
    <ClInclude Include="src\gui\DatabaseRegistrationDialog.h">
      <Filter>Header Files</Filter>
    </ClInclude>
    <ClInclude Include="src\gui\controls\DndTextControls.h">
      <Filter>Header Files</Filter>
    </ClInclude>
    <ClInclude Include="src\gui\EditBlobDialog.h">
      <Filter>Header Files</Filter>
    </ClInclude>
    <ClInclude Include="src\gui\EventWatcherFrame.h">
      <Filter>Header Files</Filter>
    </ClInclude>
    <ClInclude Include="src\gui\ExecuteSql.h">
      <Filter>Header Files</Filter>
    </ClInclude>
    <ClInclude Include="src\gui\ExecuteSqlFrame.h">
      <Filter>Header Files</Filter>
    </ClInclude>
    <ClInclude Include="src\core\FRError.h">
      <Filter>Header Files</Filter>
    </ClInclude>
    <ClInclude Include="src\gui\FRLayoutConfig.h">
      <Filter>Header Files</Filter>
    </ClInclude>
    <ClInclude Include="src\gui\FieldPropertiesDialog.h">
      <Filter>Header Files</Filter>
    </ClInclude>
    <ClInclude Include="src\gui\FindDialog.h">
      <Filter>Header Files</Filter>
    </ClInclude>
    <ClInclude Include="src\gui\GUIURIHandlerHelper.h">
      <Filter>Header Files</Filter>
    </ClInclude>
    <ClInclude Include="src\gui\HtmlHeaderMetadataItemVisitor.h">
      <Filter>Header Files</Filter>
    </ClInclude>
    <ClInclude Include="src\gui\HtmlTemplateProcessor.h">
      <Filter>Header Files</Filter>
    </ClInclude>
    <ClInclude Include="src\sql\Identifier.h">
      <Filter>Header Files</Filter>
    </ClInclude>
    <ClInclude Include="src\sql\IncompleteStatement.h">
      <Filter>Header Files</Filter>
    </ClInclude>
    <ClInclude Include="src\metadata\Index.h">
      <Filter>Header Files</Filter>
    </ClInclude>
    <ClInclude Include="src\gui\InsertDialog.h">
      <Filter>Header Files</Filter>
    </ClInclude>
    <ClInclude Include="src\Isaac.h">
      <Filter>Header Files</Filter>
    </ClInclude>
    <ClInclude Include="src\gui\controls\LogTextControl.h">
      <Filter>Header Files</Filter>
    </ClInclude>
    <ClInclude Include="src\gui\MainFrame.h">
      <Filter>Header Files</Filter>
    </ClInclude>
    <ClInclude Include="src\MasterPassword.h">
      <Filter>Header Files</Filter>
    </ClInclude>
    <ClInclude Include="src\metadata\MetadataClasses.h">
      <Filter>Header Files</Filter>
    </ClInclude>
    <ClInclude Include="src\metadata\MetadataItemCreateStatementVisitor.h">
      <Filter>Header Files</Filter>
    </ClInclude>
    <ClInclude Include="src\metadata\MetadataItemDescriptionVisitor.h">
      <Filter>Header Files</Filter>
    </ClInclude>
    <ClInclude Include="src\gui\MetadataItemPropertiesFrame.h">
      <Filter>Header Files</Filter>
    </ClInclude>
    <ClInclude Include="src\metadata\MetadataItemURIHandlerHelper.h">
      <Filter>Header Files</Filter>
    </ClInclude>
    <ClInclude Include="src\metadata\MetadataItemVisitor.h">
      <Filter>Header Files</Filter>
    </ClInclude>
    <ClInclude Include="src\engine\MetadataLoader.h">
      <Filter>Header Files</Filter>
    </ClInclude>
    <ClInclude Include="src\metadata\MetadataTemplateManager.h">
      <Filter>Header Files</Filter>
    </ClInclude>
    <ClInclude Include="src\sql\MultiStatement.h">
      <Filter>Header Files</Filter>
    </ClInclude>
    <ClInclude Include="src\gui\MultilineEnterDialog.h">
      <Filter>Header Files</Filter>
    </ClInclude>
    <ClInclude Include="src\core\ObjectWithHandle.h">
      <Filter>Header Files</Filter>
    </ClInclude>
    <ClInclude Include="src\core\Observer.h">
      <Filter>Header Files</Filter>
    </ClInclude>
    <ClInclude Include="src\gui\PreferencesDialog.h">
      <Filter>Header Files</Filter>
    </ClInclude>
    <ClInclude Include="src\gui\controls\PrintableHtmlWindow.h">
      <Filter>Header Files</Filter>
    </ClInclude>
    <ClInclude Include="src\gui\PrivilegesDialog.h">
      <Filter>Header Files</Filter>
    </ClInclude>
    <ClInclude Include="src\core\ProcessableObject.h">
      <Filter>Header Files</Filter>
    </ClInclude>
    <ClInclude Include="src\gui\ProgressDialog.h">
      <Filter>Header Files</Filter>
    </ClInclude>
    <ClInclude Include="src\core\ProgressIndicator.h">
      <Filter>Header Files</Filter>
    </ClInclude>
    <ClInclude Include="src\gui\ReorderFieldsDialog.h">
      <Filter>Header Files</Filter>
    </ClInclude>
    <ClInclude Include="src\gui\RestoreFrame.h">
      <Filter>Header Files</Filter>
    </ClInclude>
    <ClInclude Include="src\sql\SelectStatement.h">
      <Filter>Header Files</Filter>
    </ClInclude>
    <ClInclude Include="src\gui\ServerRegistrationDialog.h">
      <Filter>Header Files</Filter>
    </ClInclude>
    <ClInclude Include="src\gui\SimpleHtmlFrame.h">
      <Filter>Header Files</Filter>
    </ClInclude>
    <ClInclude Include="src\sql\SqlStatement.h">
      <Filter>Header Files</Filter>
    </ClInclude>
    <ClInclude Include="src\sql\SqlTokenizer.h">
      <Filter>Header Files</Filter>
    </ClInclude>
    <ClInclude Include="src\sql\StatementBuilder.h">
      <Filter>Header Files</Filter>
    </ClInclude>
    <ClInclude Include="src\gui\StatementHistoryDialog.h">
      <Filter>Header Files</Filter>
    </ClInclude>
    <ClInclude Include="src\core\StringUtils.h">
      <Filter>Header Files</Filter>
    </ClInclude>
    <ClInclude Include="src\gui\StyleGuide.h">
      <Filter>Header Files</Filter>
    </ClInclude>
    <ClInclude Include="src\core\Subject.h">
      <Filter>Header Files</Filter>
    </ClInclude>
    <ClInclude Include="src\core\TemplateProcessor.h">
      <Filter>Header Files</Filter>
    </ClInclude>
    <ClInclude Include="src\gui\controls\TextControl.h">
      <Filter>Header Files</Filter>
    </ClInclude>
    <ClInclude Include="src\core\URIProcessor.h">
      <Filter>Header Files</Filter>
    </ClInclude>
    <ClInclude Include="src\metadata\User.h">
      <Filter>Header Files</Filter>
    </ClInclude>
    <ClInclude Include="src\gui\UserDialog.h">
      <Filter>Header Files</Filter>
    </ClInclude>
    <ClInclude Include="src\gui\UsernamePasswordDialog.h">
      <Filter>Header Files</Filter>
    </ClInclude>
    <ClInclude Include="src\core\Visitor.h">
      <Filter>Header Files</Filter>
    </ClInclude>
    <ClInclude Include="src\metadata\collection.h">
      <Filter>Header Files</Filter>
    </ClInclude>
    <ClInclude Include="src\metadata\column.h">
      <Filter>Header Files</Filter>
    </ClInclude>
    <ClInclude Include="src\metadata\constraints.h">
      <Filter>Header Files</Filter>
    </ClInclude>
    <ClInclude Include="src\metadata\database.h">
      <Filter>Header Files</Filter>
    </ClInclude>
    <ClInclude Include="src\metadata\domain.h">
      <Filter>Header Files</Filter>
    </ClInclude>
    <ClInclude Include="src\metadata\exception.h">
      <Filter>Header Files</Filter>
    </ClInclude>
    <ClInclude Include="src\frutils.h">
      <Filter>Header Files</Filter>
    </ClInclude>
    <ClInclude Include="src\frversion.h">
      <Filter>Header Files</Filter>
    </ClInclude>
    <ClInclude Include="src\metadata\function.h">
      <Filter>Header Files</Filter>
    </ClInclude>
    <ClInclude Include="src\metadata\generator.h">
      <Filter>Header Files</Filter>
    </ClInclude>
    <ClInclude Include="src\logger.h">
      <Filter>Header Files</Filter>
    </ClInclude>
    <ClInclude Include="src\main.h">
      <Filter>Header Files</Filter>
    </ClInclude>
    <ClInclude Include="src\metadata\metadataitem.h">
      <Filter>Header Files</Filter>
    </ClInclude>
    <ClInclude Include="src\metadata\parameter.h">
      <Filter>Header Files</Filter>
    </ClInclude>
    <ClInclude Include="src\metadata\privilege.h">
      <Filter>Header Files</Filter>
    </ClInclude>
    <ClInclude Include="src\metadata\procedure.h">
      <Filter>Header Files</Filter>
    </ClInclude>
    <ClInclude Include="src\metadata\relation.h">
      <Filter>Header Files</Filter>
    </ClInclude>
    <ClInclude Include="src\metadata\role.h">
      <Filter>Header Files</Filter>
    </ClInclude>
    <ClInclude Include="src\metadata\root.h">
      <Filter>Header Files</Filter>
    </ClInclude>
    <ClInclude Include="src\metadata\server.h">
      <Filter>Header Files</Filter>
    </ClInclude>
    <ClInclude Include="src\statementHistory.h">
      <Filter>Header Files</Filter>
    </ClInclude>
    <ClInclude Include="src\metadata\table.h">
      <Filter>Header Files</Filter>
    </ClInclude>
    <ClInclude Include="src\metadata\trigger.h">
      <Filter>Header Files</Filter>
    </ClInclude>
    <ClInclude Include="src\metadata\view.h">
      <Filter>Header Files</Filter>
    </ClInclude>
    <ClInclude Include="src\gui\InsertParametersDialog.h">
      <Filter>Header Files</Filter>
    </ClInclude>
    <ClInclude Include="src\metadata\package.h">
      <Filter>Header Files</Filter>
    </ClInclude>
    <ClInclude Include="src\config\LocalSettings.h">
      <Filter>Header Files</Filter>
    </ClInclude>
    <ClInclude Include="src\core\FRInt128.h">
      <Filter>Header Files</Filter>
    </ClInclude>
    <ClInclude Include="src\core\FRDecimal.h">
      <Filter>Header Files</Filter>
    </ClInclude>
    <ClInclude Include="src\gui\ServiceBaseFrame.h">
      <Filter>Header Files</Filter>
    </ClInclude>
    <ClInclude Include="src\gui\ShutdownFrame.h">
      <Filter>Header Files</Filter>
    </ClInclude>
    <ClInclude Include="src\gui\ShutdownStartupBaseFrame.h">
      <Filter>Header Files</Filter>
    </ClInclude>
    <ClInclude Include="src\gui\StartupFrame.h">
      <Filter>Header Files</Filter>
    </ClInclude>
    <ClInclude Include="src\firebird\constants.h">
      <Filter>Header Files</Filter>
    </ClInclude>
  </ItemGroup>
  <ItemGroup>
    <ResourceCompile Include="res\flamerobin.rc">
      <Filter>Resource Files</Filter>
    </ResourceCompile>
  </ItemGroup>
</Project>